
Microsoft Visual Studio Solution File, Format Version 12.00
# Visual Studio 2012
Project("{FAE04EC0-301F-11D3-BF4B-00C04F79EFBC}") = "SimpleADOApp", "SimpleADOApp.csproj", "{91B88977-68C5-4235-8240-03561767849E}"
EndProject
Global
	GlobalSection(SolutionConfigurationPlatforms) = preSolution
		Debug|Any CPU = Debug|Any CPU
		Release|Any CPU = Release|Any CPU
	EndGlobalSection
	GlobalSection(ProjectConfigurationPlatforms) = postSolution
		{91B88977-68C5-4235-8240-03561767849E}.Debug|Any CPU.ActiveCfg = Debug|Any CPU
		{91B88977-68C5-4235-8240-03561767849E}.Debug|Any CPU.Build.0 = Debug|Any CPU
		{91B88977-68C5-4235-8240-03561767849E}.Release|Any CPU.ActiveCfg = Release|Any CPU
		{91B88977-68C5-4235-8240-03561767849E}.Release|Any CPU.Build.0 = Release|Any CPU
	EndGlobalSection
	GlobalSection(SolutionProperties) = preSolution
		HideSolutionNode = FALSE
	EndGlobalSection
EndGlobal
